
Microsoft Visual Studio Solution File, Format Version 12.00
# Visual Studio Version 17
VisualStudioVersion = 17.1.32407.343
MinimumVisualStudioVersion = 10.0.40219.1
Project("{FAE04EC0-301F-11D3-BF4B-00C04F79EFBC}") = "Exec_DeclareClassMembers", "Exec_DeclareClassMembers\Exec_DeclareClassMembers.csproj", "{F57B6A90-1A08-48DA-B3E1-272E6285393A}"
EndProject
Global
	GlobalSection(SolutionConfigurationPlatforms) = preSolution
		Debug|Any CPU = Debug|Any CPU
		Release|Any CPU = Release|Any CPU
	EndGlobalSection
	GlobalSection(ProjectConfigurationPlatforms) = postSolution
		{F57B6A90-1A08-48DA-B3E1-272E6285393A}.Debug|Any CPU.ActiveCfg = Debug|Any CPU
		{F57B6A90-1A08-48DA-B3E1-272E6285393A}.Debug|Any CPU.Build.0 = Debug|Any CPU
		{F57B6A90-1A08-48DA-B3E1-272E6285393A}.Release|Any CPU.ActiveCfg = Release|Any CPU
		{F57B6A90-1A08-48DA-B3E1-272E6285393A}.Release|Any CPU.Build.0 = Release|Any CPU
	EndGlobalSection
	GlobalSection(SolutionProperties) = preSolution
		HideSolutionNode = FALSE
	EndGlobalSection
	GlobalSection(ExtensibilityGlobals) = postSolution
		SolutionGuid = {6254C28C-8F63-47A8-83A0-988E4BFD47A0}
	EndGlobalSection
EndGlobal
